{
  "version": 4,
  "terraform_version": "1.9.4",
  "serial": 493,
  "lineage": "0f25e738-cae4-ea4f-fa91-adfe6035f0e2",
  "outputs": {},
  "resources": [
    {
      "mode": "managed",
      "type": "aws_autoscaling_group",
      "name": "app",
      "provider": "provider[\"registry.terraform.io/hashicorp/aws\"]",
      "instances": [
        {
          "schema_version": 1,
          "attributes": {
            "arn": "arn:aws:autoscaling:us-east-1:639233317097:autoScalingGroup:95efbfd5-45dc-48ab-8c07-52d2806347e2:autoScalingGroupName/terraform-20240915120122274600000001",
            "availability_zones": [
              "us-east-1a",
              "us-east-1b"
            ],
            "capacity_rebalance": false,
            "context": "",
            "default_cooldown": 300,
            "default_instance_warmup": 0,
            "desired_capacity": 2,
            "desired_capacity_type": "",
            "enabled_metrics": null,
            "force_delete": false,
            "force_delete_warm_pool": false,
            "health_check_grace_period": 300,
            "health_check_type": "EC2",
            "id": "terraform-20240915120122274600000001",
            "ignore_failed_scaling_activities": false,
            "initial_lifecycle_hook": [],
            "instance_maintenance_policy": [],
            "instance_refresh": [],
            "launch_configuration": "app-launch-configuration",
            "launch_template": [],
            "load_balancers": [],
            "max_instance_lifetime": 0,
            "max_size": 3,
            "metrics_granularity": "1Minute",
            "min_elb_capacity": null,
            "min_size": 1,
            "mixed_instances_policy": [],
            "name": "terraform-20240915120122274600000001",
            "name_prefix": "terraform-",
            "placement_group": "",
            "predicted_capacity": 0,
            "protect_from_scale_in": false,
            "service_linked_role_arn": "arn:aws:iam::639233317097:role/aws-service-role/autoscaling.amazonaws.com/AWSServiceRoleForAutoScaling",
            "suspended_processes": null,
            "tag": [
              {
                "key": "Name",
                "propagate_at_launch": true,
                "value": "ASG_Instance"
              }
            ],
            "target_group_arns": [
              "arn:aws:elasticloadbalancing:us-east-1:639233317097:targetgroup/TG-Cloudkode/5aa4274cb06bde11"
            ],
            "termination_policies": null,
            "timeouts": null,
            "traffic_source": [
              {
                "identifier": "arn:aws:elasticloadbalancing:us-east-1:639233317097:targetgroup/TG-Cloudkode/5aa4274cb06bde11",
                "type": "elbv2"
              }
            ],
            "vpc_zone_identifier": [
              "subnet-0a4e3461b4ef10481",
              "subnet-0fe1e32c9e812e884"
            ],
            "wait_for_capacity_timeout": "10m",
            "wait_for_elb_capacity": null,
            "warm_pool": [],
            "warm_pool_size": 0
          },
          "sensitive_attributes": [],
          "private": "eyJlMmJmYjczMC1lY2FhLTExZTYtOGY4OC0zNDM2M2JjN2M0YzAiOnsiZGVsZXRlIjo2MDAwMDAwMDAwMDAsInVwZGF0ZSI6NjAwMDAwMDAwMDAwfSwic2NoZW1hX3ZlcnNpb24iOiIxIn0=",
          "dependencies": [
            "aws_iam_instance_profile.ec2_profile",
            "aws_iam_role.ec2_role",
            "aws_key_pair.jumper_to_private_key_pair",
            "aws_launch_configuration.app",
            "aws_lb_target_group.test",
            "aws_security_group.HTTP-SG",
            "aws_subnet.subnet1",
            "aws_subnet.subnet2",
            "aws_vpc.main",
            "tls_private_key.jumper_to_private_key"
          ]
        }
      ]
    },
    {
      "mode": "managed",
      "type": "aws_eip",
      "name": "nat_eip",
      "provider": "provider[\"registry.terraform.io/hashicorp/aws\"]",
      "instances": [
        {
          "schema_version": 0,
          "attributes": {
            "address": null,
            "allocation_id": "eipalloc-0fc81c93e805a2508",
            "arn": "arn:aws:ec2:us-east-1:639233317097:elastic-ip/eipalloc-0fc81c93e805a2508",
            "associate_with_private_ip": null,
            "association_id": "eipassoc-0c2e8a86aedbaea55",
            "carrier_ip": "",
            "customer_owned_ip": "",
            "customer_owned_ipv4_pool": "",
            "domain": "vpc",
            "id": "eipalloc-0fc81c93e805a2508",
            "instance": "",
            "network_border_group": "us-east-1",
            "network_interface": "eni-06f011d2fc088dbca",
            "private_dns": "ip-192-168-4-231.ec2.internal",
            "private_ip": "192.168.4.231",
            "ptr_record": "",
            "public_dns": "ec2-54-227-55-216.compute-1.amazonaws.com",
            "public_ip": "54.227.55.216",
            "public_ipv4_pool": "amazon",
            "tags": {
              "Name": "nat-eip"
            },
            "tags_all": {
              "Name": "nat-eip"
            },
            "timeouts": null,
            "vpc": true
          },
          "sensitive_attributes": [],
          "private": "eyJlMmJmYjczMC1lY2FhLTExZTYtOGY4OC0zNDM2M2JjN2M0YzAiOnsiZGVsZXRlIjoxODAwMDAwMDAwMDAsInJlYWQiOjkwMDAwMDAwMDAwMCwidXBkYXRlIjozMDAwMDAwMDAwMDB9fQ=="
        }
      ]
    },
    {
      "mode": "managed",
      "type": "aws_iam_instance_profile",
      "name": "ec2_profile",
      "provider": "provider[\"registry.terraform.io/hashicorp/aws\"]",
      "instances": [
        {
          "schema_version": 0,
          "attributes": {
            "arn": "arn:aws:iam::639233317097:instance-profile/ec2_profile",
            "create_date": "2024-09-15T11:52:33Z",
            "id": "ec2_profile",
            "name": "ec2_profile",
            "name_prefix": "",
            "path": "/",
            "role": "ec2_role",
            "tags": {},
            "tags_all": {},
            "unique_id": "AIPAZJVKGLDUZK6BBYWIH"
          },
          "sensitive_attributes": [],
          "private": "bnVsbA==",
          "dependencies": [
            "aws_iam_role.ec2_role"
          ]
        }
      ]
    },
    {
      "mode": "managed",
      "type": "aws_iam_policy",
      "name": "s3_policy",
      "provider": "provider[\"registry.terraform.io/hashicorp/aws\"]",
      "instances": [
        {
          "schema_version": 0,
          "attributes": {
            "arn": "arn:aws:iam::639233317097:policy/s3_policy",
            "attachment_count": 1,
            "description": "",
            "id": "arn:aws:iam::639233317097:policy/s3_policy",
            "name": "s3_policy",
            "name_prefix": "",
            "path": "/",
            "policy": "{\"Statement\":[{\"Action\":[\"s3:ListBucket\",\"s3:GetObject\",\"s3:PutObject\"],\"Effect\":\"Allow\",\"Resource\":[\"arn:aws:s3:::cloudkode1-s3\",\"arn:aws:s3:::cloudkode1-s3/*\"]}],\"Version\":\"2012-10-17\"}",
            "policy_id": "ANPAZJVKGLDUZKMQ4IMG3",
            "tags": {},
            "tags_all": {}
          },
          "sensitive_attributes": [],
          "private": "bnVsbA=="
        }
      ]
    },
    {
      "mode": "managed",
      "type": "aws_iam_role",
      "name": "ec2_role",
      "provider": "provider[\"registry.terraform.io/hashicorp/aws\"]",
      "instances": [
        {
          "schema_version": 0,
          "attributes": {
            "arn": "arn:aws:iam::639233317097:role/ec2_role",
            "assume_role_policy": "{\"Statement\":[{\"Action\":\"sts:AssumeRole\",\"Effect\":\"Allow\",\"Principal\":{\"Service\":\"ec2.amazonaws.com\"}}],\"Version\":\"2012-10-17\"}",
            "create_date": "2024-09-15T11:52:32Z",
            "description": "",
            "force_detach_policies": false,
            "id": "ec2_role",
            "inline_policy": [],
            "managed_policy_arns": [
              "arn:aws:iam::639233317097:policy/s3_policy"
            ],
            "max_session_duration": 3600,
            "name": "ec2_role",
            "name_prefix": "",
            "path": "/",
            "permissions_boundary": "",
            "tags": {},
            "tags_all": {},
            "unique_id": "AROAZJVKGLDUSRPFI43XC"
          },
          "sensitive_attributes": [],
          "private": "bnVsbA=="
        }
      ]
    },
    {
      "mode": "managed",
      "type": "aws_iam_role_policy_attachment",
      "name": "ec2_attach",
      "provider": "provider[\"registry.terraform.io/hashicorp/aws\"]",
      "instances": [
        {
          "schema_version": 0,
          "attributes": {
            "id": "ec2_role-20240915115231070300000001",
            "policy_arn": "arn:aws:iam::639233317097:policy/s3_policy",
            "role": "ec2_role"
          },
          "sensitive_attributes": [],
          "private": "bnVsbA==",
          "dependencies": [
            "aws_iam_policy.s3_policy",
            "aws_iam_role.ec2_role"
          ]
        }
      ]
    },
    {
      "mode": "managed",
      "type": "aws_instance",
      "name": "jumper_instance",
      "provider": "provider[\"registry.terraform.io/hashicorp/aws\"]",
      "instances": [
        {
          "schema_version": 1,
          "attributes": {
            "ami": "ami-0182f373e66f89c85",
            "arn": "arn:aws:ec2:us-east-1:639233317097:instance/i-0ce9bcc1e737031b2",
            "associate_public_ip_address": true,
            "availability_zone": "us-east-1a",
            "capacity_reservation_specification": [
              {
                "capacity_reservation_preference": "open",
                "capacity_reservation_target": []
              }
            ],
            "cpu_core_count": 1,
            "cpu_options": [
              {
                "amd_sev_snp": "",
                "core_count": 1,
                "threads_per_core": 1
              }
            ],
            "cpu_threads_per_core": 1,
            "credit_specification": [
              {
                "cpu_credits": "standard"
              }
            ],
            "disable_api_stop": false,
            "disable_api_termination": false,
            "ebs_block_device": [],
            "ebs_optimized": false,
            "enclave_options": [
              {
                "enabled": false
              }
            ],
            "ephemeral_block_device": [],
            "get_password_data": false,
            "hibernation": false,
            "host_id": "",
            "host_resource_group_arn": null,
            "iam_instance_profile": "",
            "id": "i-0ce9bcc1e737031b2",
            "instance_initiated_shutdown_behavior": "stop",
            "instance_lifecycle": "",
            "instance_market_options": [],
            "instance_state": "running",
            "instance_type": "t2.micro",
            "ipv6_address_count": 0,
            "ipv6_addresses": [],
            "key_name": "rizk-key",
            "launch_template": [],
            "maintenance_options": [
              {
                "auto_recovery": "default"
              }
            ],
            "metadata_options": [
              {
                "http_endpoint": "enabled",
                "http_protocol_ipv6": "disabled",
                "http_put_response_hop_limit": 2,
                "http_tokens": "required",
                "instance_metadata_tags": "disabled"
              }
            ],
            "monitoring": false,
            "network_interface": [],
            "outpost_arn": "",
            "password_data": "",
            "placement_group": "",
            "placement_partition_number": 0,
            "primary_network_interface_id": "eni-059d58323860d8f6e",
            "private_dns": "ip-192-168-3-213.ec2.internal",
            "private_dns_name_options": [
              {
                "enable_resource_name_dns_a_record": false,
                "enable_resource_name_dns_aaaa_record": false,
                "hostname_type": "ip-name"
              }
            ],
            "private_ip": "192.168.3.213",
            "public_dns": "",
            "public_ip": "44.197.226.183",
            "root_block_device": [
              {
                "delete_on_termination": true,
                "device_name": "/dev/xvda",
                "encrypted": false,
                "iops": 3000,
                "kms_key_id": "",
                "tags": {},
                "tags_all": {},
                "throughput": 125,
                "volume_id": "vol-018ae05ecabeb76e8",
                "volume_size": 8,
                "volume_type": "gp3"
              }
            ],
            "secondary_private_ips": [],
            "security_groups": [],
            "source_dest_check": true,
            "spot_instance_request_id": "",
            "subnet_id": "subnet-0192decc4eb27470e",
            "tags": {
              "Name": "jump server"
            },
            "tags_all": {
              "Name": "jump server"
            },
            "tenancy": "default",
            "timeouts": null,
            "user_data": "bc9c55db2b39d438ccc23d416b0c4336ca8c3593",
            "user_data_base64": null,
            "user_data_replace_on_change": false,
            "volume_tags": null,
            "vpc_security_group_ids": [
              "sg-0aacb81aeb7ec84d8"
            ]
          },
          "sensitive_attributes": [
            [
              {
                "type": "get_attr",
                "value": "user_data"
              }
            ]
          ],
          "private": "eyJlMmJmYjczMC1lY2FhLTExZTYtOGY4OC0zNDM2M2JjN2M0YzAiOnsiY3JlYXRlIjo2MDAwMDAwMDAwMDAsImRlbGV0ZSI6MTIwMDAwMDAwMDAwMCwicmVhZCI6OTAwMDAwMDAwMDAwLCJ1cGRhdGUiOjYwMDAwMDAwMDAwMH0sInNjaGVtYV92ZXJzaW9uIjoiMSJ9",
          "dependencies": [
            "aws_key_pair.rizk",
            "aws_security_group.jumper-SG",
            "aws_subnet.subnet3",
            "aws_vpc.main",
            "tls_private_key.jumper_to_private_key"
          ]
        }
      ]
    },
    {
      "mode": "managed",
      "type": "aws_internet_gateway",
      "name": "main",
      "provider": "provider[\"registry.terraform.io/hashicorp/aws\"]",
      "instances": [
        {
          "schema_version": 0,
          "attributes": {
            "arn": "arn:aws:ec2:us-east-1:639233317097:internet-gateway/igw-0f64e0a2b6a8e1294",
            "id": "igw-0f64e0a2b6a8e1294",
            "owner_id": "639233317097",
            "tags": {
              "Name": "main-gateway"
            },
            "tags_all": {
              "Name": "main-gateway"
            },
            "timeouts": null,
            "vpc_id": "vpc-0fc0998acaa5f493f"
          },
          "sensitive_attributes": [],
          "private": "eyJlMmJmYjczMC1lY2FhLTExZTYtOGY4OC0zNDM2M2JjN2M0YzAiOnsiY3JlYXRlIjoxMjAwMDAwMDAwMDAwLCJkZWxldGUiOjEyMDAwMDAwMDAwMDAsInVwZGF0ZSI6MTIwMDAwMDAwMDAwMH19",
          "dependencies": [
            "aws_vpc.main"
          ]
        }
      ]
    },
    {
      "mode": "managed",
      "type": "aws_key_pair",
      "name": "jumper_to_private_key_pair",
      "provider": "provider[\"registry.terraform.io/hashicorp/aws\"]",
      "instances": [
        {
          "schema_version": 1,
          "attributes": {
            "arn": "arn:aws:ec2:us-east-1:639233317097:key-pair/jumper-to-private-key",
            "fingerprint": "75:d6:73:92:b9:93:6e:67:4b:5b:90:ad:08:45:c8:29",
            "id": "jumper-to-private-key",
            "key_name": "jumper-to-private-key",
            "key_name_prefix": "",
            "key_pair_id": "key-0efc5173ddb92cbfb",
            "key_type": "rsa",
            "public_key": "ssh-rsa AAAAB3NzaC1yc2EAAAADAQABAAABAQDErVT3mFnPTfVrJwr8z3yTZ6wP54cTvH5CFnl1vPrhyd9xmXRnUVT63EHq5r/Vxd9/2OT5Oaco6ZCvhlAOat8RHNw6IH0bDxzNASPMggGi124FNQ58QrkFakqBlfTx/hQxW3xvqpeneiAhXw9ZYvtko+7eZ2Pu9ALt8azYxvBjzIVo2X+RANAkLfZlbgZHJ61hsD6V9hDhLeXS597cusgVoJpDBCIkYaZuQnkyLTH+DgbyaVJ+JQDgQ+3ECcUxj7eMnfqZpJk35D92ZwoLj+Nfyf/Z/wVZCAgHCcB5lQKqlPWICHaqakFETFrzUlyrWtF7OHaSa6JiIuS957nyTHjp",
            "tags": {},
            "tags_all": {}
          },
          "sensitive_attributes": [],
          "private": "eyJzY2hlbWFfdmVyc2lvbiI6IjEifQ==",
          "dependencies": [
            "tls_private_key.jumper_to_private_key"
          ]
        }
      ]
    },
    {
      "mode": "managed",
      "type": "aws_key_pair",
      "name": "rizk",
      "provider": "provider[\"registry.terraform.io/hashicorp/aws\"]",
      "instances": [
        {
          "schema_version": 1,
          "attributes": {
            "arn": "arn:aws:ec2:us-east-1:639233317097:key-pair/rizk-key",
            "fingerprint": "ea:64:15:63:d5:7a:aa:3c:24:70:d1:96:23:2a:69:a6",
            "id": "rizk-key",
            "key_name": "rizk-key",
            "key_name_prefix": "",
            "key_pair_id": "key-00197ef3fa08ed90b",
            "key_type": "rsa",
            "public_key": "ssh-rsa AAAAB3NzaC1yc2EAAAADAQABAAACAQCd7Sg459Trr29W32e3JJMazfIKlUZM4WulaWLGvOKYLZHOlF2I8hdMBqobBaEnF8owqfhTX0wz9qF2zDiHouMcEfNHDjRkP6jZxWQrHKsuJzCoa6ImXWHiZw+3FbEEiJxbmWek2cL9eyAuA590KcOEspw023p4Pr6v/uGbGsPmmHnxsBDQGlDpsZSSLIa/TSo0/i3U0ze8gUTalgrVnt86A1TVsmtiqTFXxotmCvlPwbVaCK3qOt+MRY6bd49L0oY539XjnHkDWppVY3rwz4gyS9JGiPZYaMQCfigxQxskq3afZ9aHTbpsNRh0zbfiRjZa8r7d5S1su9lhd/SKNoMKHseD8QBqRBwmfnENe3SIkclQMAqcI1beMjcKN9BLlM0YFJxH/CHj31Mt5sniW3uctXxnI/6CHVXW6j518ihjVNxgfbSU6kYR9BLTzlu7EBdOesSzUrrRiDx163JYw+RlFYamupm8/Bs8+C1XbyYIvEuLH4NJSClBY146oqbHD/rF8iBV6VDyNLJ/NPa+ak/eGBRKFlovouKFh7g6tg5wFAA3cMJEp+y9EHWtXmFRra8iYmfLzPKzgjOkp1LswrxGp/oGPgmLm+2epca4bFhbIlh+sReFealB9yeIH1PiE+4ar8Tq4TQvHOJ0hzh47sfIaUbhhW6IG5MFZ9FcIIq3aw== any email",
            "tags": {},
            "tags_all": {}
          },
          "sensitive_attributes": [],
          "private": "eyJzY2hlbWFfdmVyc2lvbiI6IjEifQ=="
        }
      ]
    },
    {
      "mode": "managed",
      "type": "aws_launch_configuration",
      "name": "app",
      "provider": "provider[\"registry.terraform.io/hashicorp/aws\"]",
      "instances": [
        {
          "schema_version": 0,
          "attributes": {
            "arn": "arn:aws:autoscaling:us-east-1:639233317097:launchConfiguration:238d579f-e178-42fc-bb1b-6de61c7d7ff9:launchConfigurationName/app-launch-configuration",
            "associate_public_ip_address": false,
            "ebs_block_device": [],
            "ebs_optimized": false,
            "enable_monitoring": true,
            "ephemeral_block_device": [],
            "iam_instance_profile": "ec2_profile",
            "id": "app-launch-configuration",
            "image_id": "ami-0182f373e66f89c85",
            "instance_type": "t2.micro",
            "key_name": "jumper-to-private-key",
            "metadata_options": [],
            "name": "app-launch-configuration",
            "name_prefix": "",
            "placement_tenancy": "",
            "root_block_device": [],
            "security_groups": [
              "sg-02e59e031bebc770d"
            ],
            "spot_price": "",
            "user_data": "f455bab843d75c6a7e6377b8a7554110d484fd46",
            "user_data_base64": null
          },
          "sensitive_attributes": [],
          "private": "bnVsbA==",
          "dependencies": [
            "aws_iam_instance_profile.ec2_profile",
            "aws_iam_role.ec2_role",
            "aws_key_pair.jumper_to_private_key_pair",
            "aws_security_group.HTTP-SG",
            "aws_vpc.main",
            "tls_private_key.jumper_to_private_key"
          ]
        }
      ]
    },
    {
      "mode": "managed",
      "type": "aws_lb",
      "name": "test",
      "provider": "provider[\"registry.terraform.io/hashicorp/aws\"]",
      "instances": [
        {
          "schema_version": 0,
          "attributes": {
            "access_logs": [
              {
                "bucket": "",
                "enabled": false,
                "prefix": ""
              }
            ],
            "arn": "arn:aws:elasticloadbalancing:us-east-1:639233317097:loadbalancer/app/ALB-rizk/99ebf723d0826406",
            "arn_suffix": "app/ALB-rizk/99ebf723d0826406",
            "client_keep_alive": 3600,
            "connection_logs": [
              {
                "bucket": "",
                "enabled": false,
                "prefix": ""
              }
            ],
            "customer_owned_ipv4_pool": "",
            "desync_mitigation_mode": "defensive",
            "dns_name": "ALB-rizk-1495050769.us-east-1.elb.amazonaws.com",
            "dns_record_client_routing_policy": null,
            "drop_invalid_header_fields": false,
            "enable_cross_zone_load_balancing": true,
            "enable_deletion_protection": false,
            "enable_http2": true,
            "enable_tls_version_and_cipher_suite_headers": false,
            "enable_waf_fail_open": false,
            "enable_xff_client_port": false,
            "enforce_security_group_inbound_rules_on_private_link_traffic": "",
            "id": "arn:aws:elasticloadbalancing:us-east-1:639233317097:loadbalancer/app/ALB-rizk/99ebf723d0826406",
            "idle_timeout": 60,
            "internal": false,
            "ip_address_type": "ipv4",
            "load_balancer_type": "application",
            "name": "ALB-rizk",
            "name_prefix": "",
            "preserve_host_header": false,
            "security_groups": [
              "sg-02e59e031bebc770d"
            ],
            "subnet_mapping": [
              {
                "allocation_id": "",
                "ipv6_address": "",
                "outpost_id": "",
                "private_ipv4_address": "",
                "subnet_id": "subnet-0192decc4eb27470e"
              },
              {
                "allocation_id": "",
                "ipv6_address": "",
                "outpost_id": "",
                "private_ipv4_address": "",
                "subnet_id": "subnet-023419c581bf8d1e3"
              }
            ],
            "subnets": [
              "subnet-0192decc4eb27470e",
              "subnet-023419c581bf8d1e3"
            ],
            "tags": {
              "Name": "Cloudkode-rizk"
            },
            "tags_all": {
              "Name": "Cloudkode-rizk"
            },
            "timeouts": null,
            "vpc_id": "vpc-0fc0998acaa5f493f",
            "xff_header_processing_mode": "append",
            "zone_id": "Z35SXDOTRQ7X7K"
          },
          "sensitive_attributes": [],
          "private": "eyJlMmJmYjczMC1lY2FhLTExZTYtOGY4OC0zNDM2M2JjN2M0YzAiOnsiY3JlYXRlIjo2MDAwMDAwMDAwMDAsImRlbGV0ZSI6NjAwMDAwMDAwMDAwLCJ1cGRhdGUiOjYwMDAwMDAwMDAwMH19",
          "dependencies": [
            "aws_security_group.HTTP-SG",
            "aws_subnet.subnet3",
            "aws_subnet.subnet4",
            "aws_vpc.main"
          ]
        }
      ]
    },
    {
      "mode": "managed",
      "type": "aws_lb_listener",
      "name": "test",
      "provider": "provider[\"registry.terraform.io/hashicorp/aws\"]",
      "instances": [
        {
          "schema_version": 0,
          "attributes": {
            "alpn_policy": null,
            "arn": "arn:aws:elasticloadbalancing:us-east-1:639233317097:listener/app/ALB-rizk/99ebf723d0826406/57d99308ac6abc10",
            "certificate_arn": null,
            "default_action": [
              {
                "authenticate_cognito": [],
                "authenticate_oidc": [],
                "fixed_response": [],
                "forward": [],
                "order": 1,
                "redirect": [],
                "target_group_arn": "arn:aws:elasticloadbalancing:us-east-1:639233317097:targetgroup/TG-Cloudkode/5aa4274cb06bde11",
                "type": "forward"
              }
            ],
            "id": "arn:aws:elasticloadbalancing:us-east-1:639233317097:listener/app/ALB-rizk/99ebf723d0826406/57d99308ac6abc10",
            "load_balancer_arn": "arn:aws:elasticloadbalancing:us-east-1:639233317097:loadbalancer/app/ALB-rizk/99ebf723d0826406",
            "mutual_authentication": [],
            "port": 80,
            "protocol": "HTTP",
            "ssl_policy": "",
            "tags": {},
            "tags_all": {},
            "timeouts": null
          },
          "sensitive_attributes": [],
          "private": "eyJlMmJmYjczMC1lY2FhLTExZTYtOGY4OC0zNDM2M2JjN2M0YzAiOnsiY3JlYXRlIjozMDAwMDAwMDAwMDAsInVwZGF0ZSI6MzAwMDAwMDAwMDAwfX0=",
          "dependencies": [
            "aws_lb.test",
            "aws_lb_target_group.test",
            "aws_security_group.HTTP-SG",
            "aws_subnet.subnet3",
            "aws_subnet.subnet4",
            "aws_vpc.main"
          ]
        }
      ]
    },
    {
      "mode": "managed",
      "type": "aws_lb_target_group",
      "name": "test",
      "provider": "provider[\"registry.terraform.io/hashicorp/aws\"]",
      "instances": [
        {
          "schema_version": 0,
          "attributes": {
            "arn": "arn:aws:elasticloadbalancing:us-east-1:639233317097:targetgroup/TG-Cloudkode/5aa4274cb06bde11",
            "arn_suffix": "targetgroup/TG-Cloudkode/5aa4274cb06bde11",
            "connection_termination": null,
            "deregistration_delay": "300",
            "health_check": [
              {
                "enabled": true,
                "healthy_threshold": 3,
                "interval": 30,
                "matcher": "200",
                "path": "/",
                "port": "traffic-port",
                "protocol": "HTTP",
                "timeout": 5,
                "unhealthy_threshold": 3
              }
            ],
            "id": "arn:aws:elasticloadbalancing:us-east-1:639233317097:targetgroup/TG-Cloudkode/5aa4274cb06bde11",
            "ip_address_type": "ipv4",
            "lambda_multi_value_headers_enabled": false,
            "load_balancer_arns": [
              "arn:aws:elasticloadbalancing:us-east-1:639233317097:loadbalancer/app/ALB-rizk/99ebf723d0826406"
            ],
            "load_balancing_algorithm_type": "round_robin",
            "load_balancing_anomaly_mitigation": "off",
            "load_balancing_cross_zone_enabled": "use_load_balancer_configuration",
            "name": "TG-Cloudkode",
            "name_prefix": "",
            "port": 80,
            "preserve_client_ip": null,
            "protocol": "HTTP",
            "protocol_version": "HTTP1",
            "proxy_protocol_v2": false,
            "slow_start": 0,
            "stickiness": [
              {
                "cookie_duration": 86400,
                "cookie_name": "",
                "enabled": false,
                "type": "lb_cookie"
              }
            ],
            "tags": {
              "Name": "TG-cloudkode"
            },
            "tags_all": {
              "Name": "TG-cloudkode"
            },
            "target_failover": [
              {
                "on_deregistration": null,
                "on_unhealthy": null
              }
            ],
            "target_group_health": [
              {
                "dns_failover": [
                  {
                    "minimum_healthy_targets_count": "1",
                    "minimum_healthy_targets_percentage": "off"
                  }
                ],
                "unhealthy_state_routing": [
                  {
                    "minimum_healthy_targets_count": 1,
                    "minimum_healthy_targets_percentage": "off"
                  }
                ]
              }
            ],
            "target_health_state": [
              {
                "enable_unhealthy_connection_termination": null,
                "unhealthy_draining_interval": null
              }
            ],
            "target_type": "instance",
            "vpc_id": "vpc-0fc0998acaa5f493f"
          },
          "sensitive_attributes": [],
          "private": "bnVsbA==",
          "dependencies": [
            "aws_vpc.main"
          ]
        }
      ]
    },
    {
      "mode": "managed",
      "type": "aws_nat_gateway",
      "name": "nat_gw",
      "provider": "provider[\"registry.terraform.io/hashicorp/aws\"]",
      "instances": [
        {
          "schema_version": 0,
          "attributes": {
            "allocation_id": "eipalloc-0fc81c93e805a2508",
            "association_id": "eipassoc-0c2e8a86aedbaea55",
            "connectivity_type": "public",
            "id": "nat-01688301d3a7a2bc4",
            "network_interface_id": "eni-06f011d2fc088dbca",
            "private_ip": "192.168.4.231",
            "public_ip": "54.227.55.216",
            "secondary_allocation_ids": [],
            "secondary_private_ip_address_count": 0,
            "secondary_private_ip_addresses": [],
            "subnet_id": "subnet-023419c581bf8d1e3",
            "tags": {
              "Name": "nat-gateway"
            },
            "tags_all": {
              "Name": "nat-gateway"
            },
            "timeouts": null
          },
          "sensitive_attributes": [],
          "private": "eyJlMmJmYjczMC1lY2FhLTExZTYtOGY4OC0zNDM2M2JjN2M0YzAiOnsiY3JlYXRlIjo2MDAwMDAwMDAwMDAsImRlbGV0ZSI6MTgwMDAwMDAwMDAwMCwidXBkYXRlIjo2MDAwMDAwMDAwMDB9fQ==",
          "dependencies": [
            "aws_eip.nat_eip",
            "aws_subnet.subnet4",
            "aws_vpc.main"
          ]
        }
      ]
    },
    {
      "mode": "managed",
      "type": "aws_route",
      "name": "private_route",
      "provider": "provider[\"registry.terraform.io/hashicorp/aws\"]",
      "instances": [
        {
          "schema_version": 0,
          "attributes": {
            "carrier_gateway_id": "",
            "core_network_arn": "",
            "destination_cidr_block": "0.0.0.0/0",
            "destination_ipv6_cidr_block": "",
            "destination_prefix_list_id": "",
            "egress_only_gateway_id": "",
            "gateway_id": "",
            "id": "r-rtb-0165f270e06c22d7f1080289494",
            "instance_id": "",
            "instance_owner_id": "",
            "local_gateway_id": "",
            "nat_gateway_id": "nat-01688301d3a7a2bc4",
            "network_interface_id": "",
            "origin": "CreateRoute",
            "route_table_id": "rtb-0165f270e06c22d7f",
            "state": "active",
            "timeouts": null,
            "transit_gateway_id": "",
            "vpc_endpoint_id": "",
            "vpc_peering_connection_id": ""
          },
          "sensitive_attributes": [],
          "private": "eyJlMmJmYjczMC1lY2FhLTExZTYtOGY4OC0zNDM2M2JjN2M0YzAiOnsiY3JlYXRlIjozMDAwMDAwMDAwMDAsImRlbGV0ZSI6MzAwMDAwMDAwMDAwLCJ1cGRhdGUiOjEyMDAwMDAwMDAwMH19",
          "dependencies": [
            "aws_eip.nat_eip",
            "aws_nat_gateway.nat_gw",
            "aws_route_table.private_RT",
            "aws_subnet.subnet4",
            "aws_vpc.main"
          ]
        }
      ]
    },
    {
      "mode": "managed",
      "type": "aws_route_table",
      "name": "private_RT",
      "provider": "provider[\"registry.terraform.io/hashicorp/aws\"]",
      "instances": [
        {
          "schema_version": 0,
          "attributes": {
            "arn": "arn:aws:ec2:us-east-1:639233317097:route-table/rtb-0165f270e06c22d7f",
            "id": "rtb-0165f270e06c22d7f",
            "owner_id": "639233317097",
            "propagating_vgws": [],
            "route": [
              {
                "carrier_gateway_id": "",
                "cidr_block": "0.0.0.0/0",
                "core_network_arn": "",
                "destination_prefix_list_id": "",
                "egress_only_gateway_id": "",
                "gateway_id": "",
                "ipv6_cidr_block": "",
                "local_gateway_id": "",
                "nat_gateway_id": "nat-01688301d3a7a2bc4",
                "network_interface_id": "",
                "transit_gateway_id": "",
                "vpc_endpoint_id": "",
                "vpc_peering_connection_id": ""
              }
            ],
            "tags": {
              "Name": "private_RT"
            },
            "tags_all": {
              "Name": "private_RT"
            },
            "timeouts": null,
            "vpc_id": "vpc-0fc0998acaa5f493f"
          },
          "sensitive_attributes": [],
          "private": "eyJlMmJmYjczMC1lY2FhLTExZTYtOGY4OC0zNDM2M2JjN2M0YzAiOnsiY3JlYXRlIjozMDAwMDAwMDAwMDAsImRlbGV0ZSI6MzAwMDAwMDAwMDAwLCJ1cGRhdGUiOjEyMDAwMDAwMDAwMH19",
          "dependencies": [
            "aws_vpc.main"
          ]
        }
      ]
    },
    {
      "mode": "managed",
      "type": "aws_route_table",
      "name": "public_RT",
      "provider": "provider[\"registry.terraform.io/hashicorp/aws\"]",
      "instances": [
        {
          "schema_version": 0,
          "attributes": {
            "arn": "arn:aws:ec2:us-east-1:639233317097:route-table/rtb-00c23fe8fcfa8c761",
            "id": "rtb-00c23fe8fcfa8c761",
            "owner_id": "639233317097",
            "propagating_vgws": [],
            "route": [
              {
                "carrier_gateway_id": "",
                "cidr_block": "0.0.0.0/0",
                "core_network_arn": "",
                "destination_prefix_list_id": "",
                "egress_only_gateway_id": "",
                "gateway_id": "igw-0f64e0a2b6a8e1294",
                "ipv6_cidr_block": "",
                "local_gateway_id": "",
                "nat_gateway_id": "",
                "network_interface_id": "",
                "transit_gateway_id": "",
                "vpc_endpoint_id": "",
                "vpc_peering_connection_id": ""
              }
            ],
            "tags": {
              "Name": "public_RT"
            },
            "tags_all": {
              "Name": "public_RT"
            },
            "timeouts": null,
            "vpc_id": "vpc-0fc0998acaa5f493f"
          },
          "sensitive_attributes": [],
          "private": "eyJlMmJmYjczMC1lY2FhLTExZTYtOGY4OC0zNDM2M2JjN2M0YzAiOnsiY3JlYXRlIjozMDAwMDAwMDAwMDAsImRlbGV0ZSI6MzAwMDAwMDAwMDAwLCJ1cGRhdGUiOjEyMDAwMDAwMDAwMH19",
          "dependencies": [
            "aws_internet_gateway.main",
            "aws_vpc.main"
          ]
        }
      ]
    },
    {
      "mode": "managed",
      "type": "aws_route_table_association",
      "name": "subnet1_association",
      "provider": "provider[\"registry.terraform.io/hashicorp/aws\"]",
      "instances": [
        {
          "schema_version": 0,
          "attributes": {
            "gateway_id": "",
            "id": "rtbassoc-0223264416a55125f",
            "route_table_id": "rtb-0165f270e06c22d7f",
            "subnet_id": "subnet-0fe1e32c9e812e884",
            "timeouts": null
          },
          "sensitive_attributes": [],
          "private": "eyJlMmJmYjczMC1lY2FhLTExZTYtOGY4OC0zNDM2M2JjN2M0YzAiOnsiY3JlYXRlIjozMDAwMDAwMDAwMDAsImRlbGV0ZSI6MzAwMDAwMDAwMDAwLCJ1cGRhdGUiOjEyMDAwMDAwMDAwMH19",
          "dependencies": [
            "aws_route_table.private_RT",
            "aws_subnet.subnet1",
            "aws_vpc.main"
          ]
        }
      ]
    },
    {
      "mode": "managed",
      "type": "aws_route_table_association",
      "name": "subnet2_association",
      "provider": "provider[\"registry.terraform.io/hashicorp/aws\"]",
      "instances": [
        {
          "schema_version": 0,
          "attributes": {
            "gateway_id": "",
            "id": "rtbassoc-0ad82d190e527624b",
            "route_table_id": "rtb-0165f270e06c22d7f",
            "subnet_id": "subnet-0a4e3461b4ef10481",
            "timeouts": null
          },
          "sensitive_attributes": [],
          "private": "eyJlMmJmYjczMC1lY2FhLTExZTYtOGY4OC0zNDM2M2JjN2M0YzAiOnsiY3JlYXRlIjozMDAwMDAwMDAwMDAsImRlbGV0ZSI6MzAwMDAwMDAwMDAwLCJ1cGRhdGUiOjEyMDAwMDAwMDAwMH19",
          "dependencies": [
            "aws_route_table.private_RT",
            "aws_subnet.subnet2",
            "aws_vpc.main"
          ]
        }
      ]
    },
    {
      "mode": "managed",
      "type": "aws_route_table_association",
      "name": "subnet3_association",
      "provider": "provider[\"registry.terraform.io/hashicorp/aws\"]",
      "instances": [
        {
          "schema_version": 0,
          "attributes": {
            "gateway_id": "",
            "id": "rtbassoc-09480304d53fcbaba",
            "route_table_id": "rtb-00c23fe8fcfa8c761",
            "subnet_id": "subnet-0192decc4eb27470e",
            "timeouts": null
          },
          "sensitive_attributes": [],
          "private": "eyJlMmJmYjczMC1lY2FhLTExZTYtOGY4OC0zNDM2M2JjN2M0YzAiOnsiY3JlYXRlIjozMDAwMDAwMDAwMDAsImRlbGV0ZSI6MzAwMDAwMDAwMDAwLCJ1cGRhdGUiOjEyMDAwMDAwMDAwMH19",
          "dependencies": [
            "aws_internet_gateway.main",
            "aws_route_table.public_RT",
            "aws_subnet.subnet3",
            "aws_vpc.main"
          ]
        }
      ]
    },
    {
      "mode": "managed",
      "type": "aws_route_table_association",
      "name": "subnet4_association",
      "provider": "provider[\"registry.terraform.io/hashicorp/aws\"]",
      "instances": [
        {
          "schema_version": 0,
          "attributes": {
            "gateway_id": "",
            "id": "rtbassoc-040910470307ff6bb",
            "route_table_id": "rtb-00c23fe8fcfa8c761",
            "subnet_id": "subnet-023419c581bf8d1e3",
            "timeouts": null
          },
          "sensitive_attributes": [],
          "private": "eyJlMmJmYjczMC1lY2FhLTExZTYtOGY4OC0zNDM2M2JjN2M0YzAiOnsiY3JlYXRlIjozMDAwMDAwMDAwMDAsImRlbGV0ZSI6MzAwMDAwMDAwMDAwLCJ1cGRhdGUiOjEyMDAwMDAwMDAwMH19",
          "dependencies": [
            "aws_internet_gateway.main",
            "aws_route_table.public_RT",
            "aws_subnet.subnet4",
            "aws_vpc.main"
          ]
        }
      ]
    },
    {
      "mode": "managed",
      "type": "aws_s3_bucket",
      "name": "Cloudkode_s3",
      "provider": "provider[\"registry.terraform.io/hashicorp/aws\"]",
      "instances": [
        {
          "schema_version": 0,
          "attributes": {
            "acceleration_status": "",
            "acl": null,
            "arn": "arn:aws:s3:::cloudkode1-s3",
            "bucket": "cloudkode1-s3",
            "bucket_domain_name": "cloudkode1-s3.s3.amazonaws.com",
            "bucket_prefix": "",
            "bucket_regional_domain_name": "cloudkode1-s3.s3.us-east-1.amazonaws.com",
            "cors_rule": [],
            "force_destroy": true,
            "grant": [
              {
                "id": "ef859f7d7a0e688ff98427e63e44719267b2949578ab15efef211a5eac92f767",
                "permissions": [
                  "FULL_CONTROL"
                ],
                "type": "CanonicalUser",
                "uri": ""
              }
            ],
            "hosted_zone_id": "Z3AQBSTGFYJSTF",
            "id": "cloudkode1-s3",
            "lifecycle_rule": [],
            "logging": [],
            "object_lock_configuration": [],
            "object_lock_enabled": false,
            "policy": "",
            "region": "us-east-1",
            "replication_configuration": [],
            "request_payer": "BucketOwner",
            "server_side_encryption_configuration": [
              {
                "rule": [
                  {
                    "apply_server_side_encryption_by_default": [
                      {
                        "kms_master_key_id": "",
                        "sse_algorithm": "AES256"
                      }
                    ],
                    "bucket_key_enabled": false
                  }
                ]
              }
            ],
            "tags": {
              "Name": "cloudkode1-s3"
            },
            "tags_all": {
              "Name": "cloudkode1-s3"
            },
            "timeouts": null,
            "versioning": [
              {
                "enabled": false,
                "mfa_delete": false
              }
            ],
            "website": [],
            "website_domain": null,
            "website_endpoint": null
          },
          "sensitive_attributes": [],
          "private": "eyJlMmJmYjczMC1lY2FhLTExZTYtOGY4OC0zNDM2M2JjN2M0YzAiOnsiY3JlYXRlIjoxMjAwMDAwMDAwMDAwLCJkZWxldGUiOjM2MDAwMDAwMDAwMDAsInJlYWQiOjEyMDAwMDAwMDAwMDAsInVwZGF0ZSI6MTIwMDAwMDAwMDAwMH19"
        }
      ]
    },
    {
      "mode": "managed",
      "type": "aws_security_group",
      "name": "HTTP-SG",
      "provider": "provider[\"registry.terraform.io/hashicorp/aws\"]",
      "instances": [
        {
          "schema_version": 1,
          "attributes": {
            "arn": "arn:aws:ec2:us-east-1:639233317097:security-group/sg-02e59e031bebc770d",
            "description": "Managed by Terraform",
            "egress": [
              {
                "cidr_blocks": [
                  "0.0.0.0/0"
                ],
                "description": "",
                "from_port": 0,
                "ipv6_cidr_blocks": [],
                "prefix_list_ids": [],
                "protocol": "-1",
                "security_groups": [],
                "self": false,
                "to_port": 0
              }
            ],
            "id": "sg-02e59e031bebc770d",
            "ingress": [
              {
                "cidr_blocks": [
                  "0.0.0.0/0"
                ],
                "description": "",
                "from_port": 22,
                "ipv6_cidr_blocks": [],
                "prefix_list_ids": [],
                "protocol": "tcp",
                "security_groups": [],
                "self": false,
                "to_port": 22
              },
              {
                "cidr_blocks": [
                  "0.0.0.0/0"
                ],
                "description": "",
                "from_port": 80,
                "ipv6_cidr_blocks": [],
                "prefix_list_ids": [],
                "protocol": "tcp",
                "security_groups": [],
                "self": false,
                "to_port": 80
              }
            ],
            "name": "terraform-20240915115232092700000004",
            "name_prefix": "terraform-",
            "owner_id": "639233317097",
            "revoke_rules_on_delete": false,
            "tags": {
              "Name": "HTTP-SG"
            },
            "tags_all": {
              "Name": "HTTP-SG"
            },
            "timeouts": null,
            "vpc_id": "vpc-0fc0998acaa5f493f"
          },
          "sensitive_attributes": [],
          "private": "eyJlMmJmYjczMC1lY2FhLTExZTYtOGY4OC0zNDM2M2JjN2M0YzAiOnsiY3JlYXRlIjo2MDAwMDAwMDAwMDAsImRlbGV0ZSI6OTAwMDAwMDAwMDAwfSwic2NoZW1hX3ZlcnNpb24iOiIxIn0=",
          "dependencies": [
            "aws_vpc.main"
          ]
        }
      ]
    },
    {
      "mode": "managed",
      "type": "aws_security_group",
      "name": "jumper-SG",
      "provider": "provider[\"registry.terraform.io/hashicorp/aws\"]",
      "instances": [
        {
          "schema_version": 1,
          "attributes": {
            "arn": "arn:aws:ec2:us-east-1:639233317097:security-group/sg-0aacb81aeb7ec84d8",
            "description": "Managed by Terraform",
            "egress": [
              {
                "cidr_blocks": [
                  "0.0.0.0/0"
                ],
                "description": "",
                "from_port": 0,
                "ipv6_cidr_blocks": [],
                "prefix_list_ids": [],
                "protocol": "-1",
                "security_groups": [],
                "self": false,
                "to_port": 0
              }
            ],
            "id": "sg-0aacb81aeb7ec84d8",
            "ingress": [
              {
                "cidr_blocks": [
                  "0.0.0.0/0"
                ],
                "description": "",
                "from_port": 22,
                "ipv6_cidr_blocks": [],
                "prefix_list_ids": [],
                "protocol": "tcp",
                "security_groups": [],
                "self": false,
                "to_port": 22
              }
            ],
            "name": "terraform-20240915115232090200000003",
            "name_prefix": "terraform-",
            "owner_id": "639233317097",
            "revoke_rules_on_delete": false,
            "tags": {
              "Name": "jumper-SG"
            },
            "tags_all": {
              "Name": "jumper-SG"
            },
            "timeouts": null,
            "vpc_id": "vpc-0fc0998acaa5f493f"
          },
          "sensitive_attributes": [],
          "private": "eyJlMmJmYjczMC1lY2FhLTExZTYtOGY4OC0zNDM2M2JjN2M0YzAiOnsiY3JlYXRlIjo2MDAwMDAwMDAwMDAsImRlbGV0ZSI6OTAwMDAwMDAwMDAwfSwic2NoZW1hX3ZlcnNpb24iOiIxIn0=",
          "dependencies": [
            "aws_vpc.main"
          ]
        }
      ]
    },
    {
      "mode": "managed",
      "type": "aws_subnet",
      "name": "subnet1",
      "provider": "provider[\"registry.terraform.io/hashicorp/aws\"]",
      "instances": [
        {
          "schema_version": 1,
          "attributes": {
            "arn": "arn:aws:ec2:us-east-1:639233317097:subnet/subnet-0fe1e32c9e812e884",
            "assign_ipv6_address_on_creation": false,
            "availability_zone": "us-east-1a",
            "availability_zone_id": "use1-az1",
            "cidr_block": "192.168.1.0/24",
            "customer_owned_ipv4_pool": "",
            "enable_dns64": false,
            "enable_lni_at_device_index": 0,
            "enable_resource_name_dns_a_record_on_launch": false,
            "enable_resource_name_dns_aaaa_record_on_launch": false,
            "id": "subnet-0fe1e32c9e812e884",
            "ipv6_cidr_block": "",
            "ipv6_cidr_block_association_id": "",
            "ipv6_native": false,
            "map_customer_owned_ip_on_launch": false,
            "map_public_ip_on_launch": false,
            "outpost_arn": "",
            "owner_id": "639233317097",
            "private_dns_hostname_type_on_launch": "ip-name",
            "tags": {
              "Name": "priv_subnet-1"
            },
            "tags_all": {
              "Name": "priv_subnet-1"
            },
            "timeouts": null,
            "vpc_id": "vpc-0fc0998acaa5f493f"
          },
          "sensitive_attributes": [],
          "private": "eyJlMmJmYjczMC1lY2FhLTExZTYtOGY4OC0zNDM2M2JjN2M0YzAiOnsiY3JlYXRlIjo2MDAwMDAwMDAwMDAsImRlbGV0ZSI6MTIwMDAwMDAwMDAwMH0sInNjaGVtYV92ZXJzaW9uIjoiMSJ9",
          "dependencies": [
            "aws_vpc.main"
          ]
        }
      ]
    },
    {
      "mode": "managed",
      "type": "aws_subnet",
      "name": "subnet2",
      "provider": "provider[\"registry.terraform.io/hashicorp/aws\"]",
      "instances": [
        {
          "schema_version": 1,
          "attributes": {
            "arn": "arn:aws:ec2:us-east-1:639233317097:subnet/subnet-0a4e3461b4ef10481",
            "assign_ipv6_address_on_creation": false,
            "availability_zone": "us-east-1b",
            "availability_zone_id": "use1-az2",
            "cidr_block": "192.168.2.0/24",
            "customer_owned_ipv4_pool": "",
            "enable_dns64": false,
            "enable_lni_at_device_index": 0,
            "enable_resource_name_dns_a_record_on_launch": false,
            "enable_resource_name_dns_aaaa_record_on_launch": false,
            "id": "subnet-0a4e3461b4ef10481",
            "ipv6_cidr_block": "",
            "ipv6_cidr_block_association_id": "",
            "ipv6_native": false,
            "map_customer_owned_ip_on_launch": false,
            "map_public_ip_on_launch": false,
            "outpost_arn": "",
            "owner_id": "639233317097",
            "private_dns_hostname_type_on_launch": "ip-name",
            "tags": {
              "Name": "priv_subnet-2"
            },
            "tags_all": {
              "Name": "priv_subnet-2"
            },
            "timeouts": null,
            "vpc_id": "vpc-0fc0998acaa5f493f"
          },
          "sensitive_attributes": [],
          "private": "eyJlMmJmYjczMC1lY2FhLTExZTYtOGY4OC0zNDM2M2JjN2M0YzAiOnsiY3JlYXRlIjo2MDAwMDAwMDAwMDAsImRlbGV0ZSI6MTIwMDAwMDAwMDAwMH0sInNjaGVtYV92ZXJzaW9uIjoiMSJ9",
          "dependencies": [
            "aws_vpc.main"
          ]
        }
      ]
    },
    {
      "mode": "managed",
      "type": "aws_subnet",
      "name": "subnet3",
      "provider": "provider[\"registry.terraform.io/hashicorp/aws\"]",
      "instances": [
        {
          "schema_version": 1,
          "attributes": {
            "arn": "arn:aws:ec2:us-east-1:639233317097:subnet/subnet-0192decc4eb27470e",
            "assign_ipv6_address_on_creation": false,
            "availability_zone": "us-east-1a",
            "availability_zone_id": "use1-az1",
            "cidr_block": "192.168.3.0/24",
            "customer_owned_ipv4_pool": "",
            "enable_dns64": false,
            "enable_lni_at_device_index": 0,
            "enable_resource_name_dns_a_record_on_launch": false,
            "enable_resource_name_dns_aaaa_record_on_launch": false,
            "id": "subnet-0192decc4eb27470e",
            "ipv6_cidr_block": "",
            "ipv6_cidr_block_association_id": "",
            "ipv6_native": false,
            "map_customer_owned_ip_on_launch": false,
            "map_public_ip_on_launch": false,
            "outpost_arn": "",
            "owner_id": "639233317097",
            "private_dns_hostname_type_on_launch": "ip-name",
            "tags": {
              "Name": "pub_subnet-1"
            },
            "tags_all": {
              "Name": "pub_subnet-1"
            },
            "timeouts": null,
            "vpc_id": "vpc-0fc0998acaa5f493f"
          },
          "sensitive_attributes": [],
          "private": "eyJlMmJmYjczMC1lY2FhLTExZTYtOGY4OC0zNDM2M2JjN2M0YzAiOnsiY3JlYXRlIjo2MDAwMDAwMDAwMDAsImRlbGV0ZSI6MTIwMDAwMDAwMDAwMH0sInNjaGVtYV92ZXJzaW9uIjoiMSJ9",
          "dependencies": [
            "aws_vpc.main"
          ]
        }
      ]
    },
    {
      "mode": "managed",
      "type": "aws_subnet",
      "name": "subnet4",
      "provider": "provider[\"registry.terraform.io/hashicorp/aws\"]",
      "instances": [
        {
          "schema_version": 1,
          "attributes": {
            "arn": "arn:aws:ec2:us-east-1:639233317097:subnet/subnet-023419c581bf8d1e3",
            "assign_ipv6_address_on_creation": false,
            "availability_zone": "us-east-1b",
            "availability_zone_id": "use1-az2",
            "cidr_block": "192.168.4.0/24",
            "customer_owned_ipv4_pool": "",
            "enable_dns64": false,
            "enable_lni_at_device_index": 0,
            "enable_resource_name_dns_a_record_on_launch": false,
            "enable_resource_name_dns_aaaa_record_on_launch": false,
            "id": "subnet-023419c581bf8d1e3",
            "ipv6_cidr_block": "",
            "ipv6_cidr_block_association_id": "",
            "ipv6_native": false,
            "map_customer_owned_ip_on_launch": false,
            "map_public_ip_on_launch": false,
            "outpost_arn": "",
            "owner_id": "639233317097",
            "private_dns_hostname_type_on_launch": "ip-name",
            "tags": {
              "Name": "pub_subnet-2"
            },
            "tags_all": {
              "Name": "pub_subnet-2"
            },
            "timeouts": null,
            "vpc_id": "vpc-0fc0998acaa5f493f"
          },
          "sensitive_attributes": [],
          "private": "eyJlMmJmYjczMC1lY2FhLTExZTYtOGY4OC0zNDM2M2JjN2M0YzAiOnsiY3JlYXRlIjo2MDAwMDAwMDAwMDAsImRlbGV0ZSI6MTIwMDAwMDAwMDAwMH0sInNjaGVtYV92ZXJzaW9uIjoiMSJ9",
          "dependencies": [
            "aws_vpc.main"
          ]
        }
      ]
    },
    {
      "mode": "managed",
      "type": "aws_vpc",
      "name": "main",
      "provider": "provider[\"registry.terraform.io/hashicorp/aws\"]",
      "instances": [
        {
          "schema_version": 1,
          "attributes": {
            "arn": "arn:aws:ec2:us-east-1:639233317097:vpc/vpc-0fc0998acaa5f493f",
            "assign_generated_ipv6_cidr_block": false,
            "cidr_block": "192.168.0.0/16",
            "default_network_acl_id": "acl-02a0147b1b91e7f18",
            "default_route_table_id": "rtb-0a9a3a2c936238052",
            "default_security_group_id": "sg-098891c5ebdd0b554",
            "dhcp_options_id": "dopt-0c83c152f360f3b39",
            "enable_dns_hostnames": false,
            "enable_dns_support": true,
            "enable_network_address_usage_metrics": false,
            "id": "vpc-0fc0998acaa5f493f",
            "instance_tenancy": "default",
            "ipv4_ipam_pool_id": null,
            "ipv4_netmask_length": null,
            "ipv6_association_id": "",
            "ipv6_cidr_block": "",
            "ipv6_cidr_block_network_border_group": "",
            "ipv6_ipam_pool_id": "",
            "ipv6_netmask_length": 0,
            "main_route_table_id": "rtb-0a9a3a2c936238052",
            "owner_id": "639233317097",
            "tags": {
              "Name": "Cloudkode-vpc"
            },
            "tags_all": {
              "Name": "Cloudkode-vpc"
            }
          },
          "sensitive_attributes": [],
          "private": "eyJzY2hlbWFfdmVyc2lvbiI6IjEifQ=="
        }
      ]
    },
    {
      "mode": "managed",
      "type": "tls_private_key",
      "name": "jumper_to_private_key",
      "provider": "provider[\"registry.terraform.io/hashicorp/tls\"]",
      "instances": [
        {
          "schema_version": 1,
          "attributes": {
            "algorithm": "RSA",
            "ecdsa_curve": "P224",
            "id": "a7066d1cd4e625ba26a16d92eb1be168aafb90de",
            "private_key_openssh": "-----BEGIN OPENSSH PRIVATE KEY-----\nb3BlbnNzaC1rZXktdjEAAAAABG5vbmUAAAAEbm9uZQAAAAAAAAABAAABFwAAAAdz\nc2gtcnNhAAAAAwEAAQAAAQEAxK1U95hZz031aycK/M98k2esD+eHE7x+QhZ5dbz6\n4cnfcZl0Z1FU+txB6ua/1cXff9jk+TmnKOmQr4ZQDmrfERzcOiB9Gw8czQEjzIIB\notduBTUOfEK5BWpKgZX08f4UMVt8b6qXp3ogIV8PWWL7ZKPu3mdj7vQC7fGs2Mbw\nY8yFaNl/kQDQJC32ZW4GRyetYbA+lfYQ4S3l0ufe3LrIFaCaQwQiJGGmbkJ5Mi0x\n/g4G8mlSfiUA4EPtxAnFMY+3jJ36maSZN+Q/dmcKC4/jX8n/2f8FWQgIBwnAeZUC\nqpT1iAh2qmpBRExa81Jcq1rRezh2kmuiYiLkvee58kx46QAAA7j6UV+Z+lFfmQAA\nAAdzc2gtcnNhAAABAQDErVT3mFnPTfVrJwr8z3yTZ6wP54cTvH5CFnl1vPrhyd9x\nmXRnUVT63EHq5r/Vxd9/2OT5Oaco6ZCvhlAOat8RHNw6IH0bDxzNASPMggGi124F\nNQ58QrkFakqBlfTx/hQxW3xvqpeneiAhXw9ZYvtko+7eZ2Pu9ALt8azYxvBjzIVo\n2X+RANAkLfZlbgZHJ61hsD6V9hDhLeXS597cusgVoJpDBCIkYaZuQnkyLTH+Dgby\naVJ+JQDgQ+3ECcUxj7eMnfqZpJk35D92ZwoLj+Nfyf/Z/wVZCAgHCcB5lQKqlPWI\nCHaqakFETFrzUlyrWtF7OHaSa6JiIuS957nyTHjpAAAAAwEAAQAAAQEAiy5GVLkB\nxUxcAqosgl+qvv28q7yiwHrBtq8E4ScNO7+KWm/ICl1qD+TS2RLWaseOtICe+Set\nfaxb8XrRKILEvO15g8D+B6oYLZNC7DSMR9rARvsW9ySYnpZrh2zBXIb7bzpYwwUs\nMR6hojwNNqpvUPcZ0VXFSJJxiEVglj+iWlxgiW2+NV+WQauyAIhkBh2AIdyJYKjm\ny/U/Z36Meaw2mY6t6An/hfS3cnbpo33N/gtYww2C5vCxURrO4klXZvxLeNyshH+r\ncqAnh+haNmIpv1EFQmxzvofcL6IDbM3YzQP6FF7GP55yKrvL++c1hxt8f2tyLVHc\n4RDLa8bBSlKPqQAAAIEAky4D5WK6Gw901LYq86ezfGQI0F4eBQnzc6hYYQ13CLJa\nVUm5aAX9JlxVImUrJm4D9kXce5hK5SCi2q6ai+Gi4PTQRrLmrWyfE349aZTqST5+\nluidB5Qodmly9azHwSSTc9F8N5mKNlTRRmgc2m97toQrCIOnvmqQJEcaHKEtmxYA\nAACBAMxNsN0d3fcW8RwKxBeL54+dimxL/lGG+/ks2yg4DDjjtiguRIJwUBXzylgj\n160be1jdvbr3kSNDpcEMTyYvf2ItIUT3ckKZY+mnUw2nCTDQTEU2HJ2lpMncWuAC\nFlklbn/pBJrN32MIQvWa7vFelmJqBQME45buoFa8tzTgRCRrAAAAgQD2cZ7Im56x\nhcfYRDIgX8+ka9C1nLhOIqHCoJt6r3PtCKoTdKatLuJW+h6YsPDtk1ViDx2kugk0\nlXPQuo3NNRz13K0+V8yHxwIbMAphdQzwks9SB+fkEZpQ52fuBN+X1Gk+YzVNZEtE\n/FZ1zqDQbAPhnDxJDofBsJKMbxEd8UdM+wAAAAAB\n-----END OPENSSH PRIVATE KEY-----\n",
            "private_key_pem": "-----BEGIN RSA PRIVATE KEY-----\nMIIEpQIBAAKCAQEAxK1U95hZz031aycK/M98k2esD+eHE7x+QhZ5dbz64cnfcZl0\nZ1FU+txB6ua/1cXff9jk+TmnKOmQr4ZQDmrfERzcOiB9Gw8czQEjzIIBotduBTUO\nfEK5BWpKgZX08f4UMVt8b6qXp3ogIV8PWWL7ZKPu3mdj7vQC7fGs2MbwY8yFaNl/\nkQDQJC32ZW4GRyetYbA+lfYQ4S3l0ufe3LrIFaCaQwQiJGGmbkJ5Mi0x/g4G8mlS\nfiUA4EPtxAnFMY+3jJ36maSZN+Q/dmcKC4/jX8n/2f8FWQgIBwnAeZUCqpT1iAh2\nqmpBRExa81Jcq1rRezh2kmuiYiLkvee58kx46QIDAQABAoIBAQCLLkZUuQHFTFwC\nqiyCX6q+/byrvKLAesG2rwThJw07v4pab8gKXWoP5NLZEtZqx460gJ75J619rFvx\netEogsS87XmDwP4Hqhgtk0LsNIxH2sBG+xb3JJielmuHbMFchvtvOljDBSwxHqGi\nPA02qm9Q9xnRVcVIknGIRWCWP6JaXGCJbb41X5ZBq7IAiGQGHYAh3IlgqObL9T9n\nfox5rDaZjq3oCf+F9Ldydumjfc3+C1jDDYLm8LFRGs7iSVdm/Et43KyEf6tyoCeH\n6Fo2Yim/UQVCbHO+h9wvogNszdjNA/oUXsY/nnIqu8v75zWHG3x/a3ItUdzhEMtr\nxsFKUo+pAoGBAMxNsN0d3fcW8RwKxBeL54+dimxL/lGG+/ks2yg4DDjjtiguRIJw\nUBXzylgj160be1jdvbr3kSNDpcEMTyYvf2ItIUT3ckKZY+mnUw2nCTDQTEU2HJ2l\npMncWuACFlklbn/pBJrN32MIQvWa7vFelmJqBQME45buoFa8tzTgRCRrAoGBAPZx\nnsibnrGFx9hEMiBfz6Rr0LWcuE4iocKgm3qvc+0IqhN0pq0u4lb6Hpiw8O2TVWIP\nHaS6CTSVc9C6jc01HPXcrT5XzIfHAhswCmF1DPCSz1IH5+QRmlDnZ+4E35fUaT5j\nNU1kS0T8VnXOoNBsA+GcPEkOh8GwkoxvER3xR0z7AoGBAKQ2yjNg31nNKe3VRXp7\nrJuGEI4tovRa4EuPX3R7YG+VsIOpdM23gteyRfEElkYA8esjCG6wsQs8Q43g2/mg\nce4ywiwSDNg1PNbA9IPjwAJpWvTCosugKc1K/gxSAS6UZLYRUO8xDR4ntNJ/PxHp\nak0eVHrxwhE+KsitFUE+BeeTAoGAQm9Asa2Z6xs4U2mW5blOXXGfEsZLvOyDFNd8\n8mbH5nc2egYxRHBmHbJRezH/0Nut4cBXameoQZ+kV/libpZJ11GE9lBu149jVvbt\nZXZLZbL95owxC/9ezT6Eetqfd+uP73yJCvLlg5ROrnVkTqs/pJsceUlMeX9jEi6C\nu8KmSO8CgYEAky4D5WK6Gw901LYq86ezfGQI0F4eBQnzc6hYYQ13CLJaVUm5aAX9\nJlxVImUrJm4D9kXce5hK5SCi2q6ai+Gi4PTQRrLmrWyfE349aZTqST5+luidB5Qo\ndmly9azHwSSTc9F8N5mKNlTRRmgc2m97toQrCIOnvmqQJEcaHKEtmxY=\n-----END RSA PRIVATE KEY-----\n",
            "private_key_pem_pkcs8": "-----BEGIN PRIVATE KEY-----\nMIIEvwIBADANBgkqhkiG9w0BAQEFAASCBKkwggSlAgEAAoIBAQDErVT3mFnPTfVr\nJwr8z3yTZ6wP54cTvH5CFnl1vPrhyd9xmXRnUVT63EHq5r/Vxd9/2OT5Oaco6ZCv\nhlAOat8RHNw6IH0bDxzNASPMggGi124FNQ58QrkFakqBlfTx/hQxW3xvqpeneiAh\nXw9ZYvtko+7eZ2Pu9ALt8azYxvBjzIVo2X+RANAkLfZlbgZHJ61hsD6V9hDhLeXS\n597cusgVoJpDBCIkYaZuQnkyLTH+DgbyaVJ+JQDgQ+3ECcUxj7eMnfqZpJk35D92\nZwoLj+Nfyf/Z/wVZCAgHCcB5lQKqlPWICHaqakFETFrzUlyrWtF7OHaSa6JiIuS9\n57nyTHjpAgMBAAECggEBAIsuRlS5AcVMXAKqLIJfqr79vKu8osB6wbavBOEnDTu/\nilpvyApdag/k0tkS1mrHjrSAnvknrX2sW/F60SiCxLzteYPA/geqGC2TQuw0jEfa\nwEb7FvckmJ6Wa4dswVyG+286WMMFLDEeoaI8DTaqb1D3GdFVxUiScYhFYJY/olpc\nYIltvjVflkGrsgCIZAYdgCHciWCo5sv1P2d+jHmsNpmOregJ/4X0t3J26aN9zf4L\nWMMNgubwsVEazuJJV2b8S3jcrIR/q3KgJ4foWjZiKb9RBUJsc76H3C+iA2zN2M0D\n+hRexj+eciq7y/vnNYcbfH9rci1R3OEQy2vGwUpSj6kCgYEAzE2w3R3d9xbxHArE\nF4vnj52KbEv+UYb7+SzbKDgMOOO2KC5EgnBQFfPKWCPXrRt7WN29uveRI0OlwQxP\nJi9/Yi0hRPdyQplj6adTDacJMNBMRTYcnaWkydxa4AIWWSVuf+kEms3fYwhC9Zru\n8V6WYmoFAwTjlu6gVry3NOBEJGsCgYEA9nGeyJuesYXH2EQyIF/PpGvQtZy4TiKh\nwqCbeq9z7QiqE3SmrS7iVvoemLDw7ZNVYg8dpLoJNJVz0LqNzTUc9dytPlfMh8cC\nGzAKYXUM8JLPUgfn5BGaUOdn7gTfl9RpPmM1TWRLRPxWdc6g0GwD4Zw8SQ6HwbCS\njG8RHfFHTPsCgYEApDbKM2DfWc0p7dVFenusm4YQji2i9FrgS49fdHtgb5Wwg6l0\nzbeC17JF8QSWRgDx6yMIbrCxCzxDjeDb+aBx7jLCLBIM2DU81sD0g+PAAmla9MKi\ny6ApzUr+DFIBLpRkthFQ7zENHie00n8/EelqTR5UevHCET4qyK0VQT4F55MCgYBC\nb0CxrZnrGzhTaZbluU5dcZ8Sxku87IMU13zyZsfmdzZ6BjFEcGYdslF7Mf/Q263h\nwFdqZ6hBn6RX+WJulknXUYT2UG7Xj2NW9u1ldktlsv3mjDEL/17NPoR62p9364/v\nfIkK8uWDlE6udWROqz+kmxx5SUx5f2MSLoK7wqZI7wKBgQCTLgPlYrobD3TUtirz\np7N8ZAjQXh4FCfNzqFhhDXcIslpVSbloBf0mXFUiZSsmbgP2Rdx7mErlIKLarpqL\n4aLg9NBGsuatbJ8Tfj1plOpJPn6W6J0HlCh2aXL1rMfBJJNz0Xw3mYo2VNFGaBza\nb3u2hCsIg6e+apAkRxocoS2bFg==\n-----END PRIVATE KEY-----\n",
            "public_key_fingerprint_md5": "c7:11:aa:61:33:f9:cc:52:ea:34:6e:78:ad:08:31:ff",
            "public_key_fingerprint_sha256": "SHA256:0yujaPtwtZyOR3EEZnLecI311xWOmHNK/N5fnItkxqI",
            "public_key_openssh": "ssh-rsa AAAAB3NzaC1yc2EAAAADAQABAAABAQDErVT3mFnPTfVrJwr8z3yTZ6wP54cTvH5CFnl1vPrhyd9xmXRnUVT63EHq5r/Vxd9/2OT5Oaco6ZCvhlAOat8RHNw6IH0bDxzNASPMggGi124FNQ58QrkFakqBlfTx/hQxW3xvqpeneiAhXw9ZYvtko+7eZ2Pu9ALt8azYxvBjzIVo2X+RANAkLfZlbgZHJ61hsD6V9hDhLeXS597cusgVoJpDBCIkYaZuQnkyLTH+DgbyaVJ+JQDgQ+3ECcUxj7eMnfqZpJk35D92ZwoLj+Nfyf/Z/wVZCAgHCcB5lQKqlPWICHaqakFETFrzUlyrWtF7OHaSa6JiIuS957nyTHjp\n",
            "public_key_pem": "-----BEGIN PUBLIC KEY-----\nMIIBIjANBgkqhkiG9w0BAQEFAAOCAQ8AMIIBCgKCAQEAxK1U95hZz031aycK/M98\nk2esD+eHE7x+QhZ5dbz64cnfcZl0Z1FU+txB6ua/1cXff9jk+TmnKOmQr4ZQDmrf\nERzcOiB9Gw8czQEjzIIBotduBTUOfEK5BWpKgZX08f4UMVt8b6qXp3ogIV8PWWL7\nZKPu3mdj7vQC7fGs2MbwY8yFaNl/kQDQJC32ZW4GRyetYbA+lfYQ4S3l0ufe3LrI\nFaCaQwQiJGGmbkJ5Mi0x/g4G8mlSfiUA4EPtxAnFMY+3jJ36maSZN+Q/dmcKC4/j\nX8n/2f8FWQgIBwnAeZUCqpT1iAh2qmpBRExa81Jcq1rRezh2kmuiYiLkvee58kx4\n6QIDAQAB\n-----END PUBLIC KEY-----\n",
            "rsa_bits": 2048
          },
          "sensitive_attributes": [
            [
              {
                "type": "get_attr",
                "value": "private_key_pem_pkcs8"
              }
            ],
            [
              {
                "type": "get_attr",
                "value": "private_key_pem"
              }
            ],
            [
              {
                "type": "get_attr",
                "value": "private_key_openssh"
              }
            ]
          ]
        }
      ]
    }
  ],
  "check_results": null
}
